
Microsoft Visual Studio Solution File, Format Version 12.00
# Visual Studio 15
VisualStudioVersion = 15.0.28010.2046
MinimumVisualStudioVersion = 10.0.40219.1
Project("{FAE04EC0-301F-11D3-BF4B-00C04F79EFBC}") = "Gabriel.Cat.Xamarin.Wpf", "Gabriel.Cat.Xamarin.Wpf\Gabriel.Cat.Xamarin.Wpf.csproj", "{40650F5F-BFD8-4B61-BD98-A9B241E9FC01}"
EndProject
Global
	GlobalSection(SolutionConfigurationPlatforms) = preSolution
		Debug|Any CPU = Debug|Any CPU
		Release|Any CPU = Release|Any CPU
	EndGlobalSection
	GlobalSection(ProjectConfigurationPlatforms) = postSolution
		{40650F5F-BFD8-4B61-BD98-A9B241E9FC01}.Debug|Any CPU.ActiveCfg = Debug|Any CPU
		{40650F5F-BFD8-4B61-BD98-A9B241E9FC01}.Debug|Any CPU.Build.0 = Debug|Any CPU
		{40650F5F-BFD8-4B61-BD98-A9B241E9FC01}.Release|Any CPU.ActiveCfg = Release|Any CPU
		{40650F5F-BFD8-4B61-BD98-A9B241E9FC01}.Release|Any CPU.Build.0 = Release|Any CPU
	EndGlobalSection
	GlobalSection(SolutionProperties) = preSolution
		HideSolutionNode = FALSE
	EndGlobalSection
	GlobalSection(ExtensibilityGlobals) = postSolution
		SolutionGuid = {492E5B38-34B9-4C20-8940-6A6487C007DF}
	EndGlobalSection
EndGlobal
